
Microsoft Visual Studio Solution File, Format Version 12.00
# Visual Studio Version 17
VisualStudioVersion = 17.1.32319.34
MinimumVisualStudioVersion = 10.0.40219.1
Project("{FAE04EC0-301F-11D3-BF4B-00C04F79EFBC}") = "AmpApi.API", "AmpApi.API\AmpApi.API.csproj", "{76EAB5D5-F57A-49CA-8799-2C8DF804FA09}"
EndProject
Global
	GlobalSection(SolutionConfigurationPlatforms) = preSolution
		Debug|Any CPU = Debug|Any CPU
		Release|Any CPU = Release|Any CPU
	EndGlobalSection
	GlobalSection(ProjectConfigurationPlatforms) = postSolution
		{76EAB5D5-F57A-49CA-8799-2C8DF804FA09}.Debug|Any CPU.ActiveCfg = Debug|Any CPU
		{76EAB5D5-F57A-49CA-8799-2C8DF804FA09}.Debug|Any CPU.Build.0 = Debug|Any CPU
		{76EAB5D5-F57A-49CA-8799-2C8DF804FA09}.Release|Any CPU.ActiveCfg = Release|Any CPU
		{76EAB5D5-F57A-49CA-8799-2C8DF804FA09}.Release|Any CPU.Build.0 = Release|Any CPU
	EndGlobalSection
	GlobalSection(SolutionProperties) = preSolution
		HideSolutionNode = FALSE
	EndGlobalSection
	GlobalSection(ExtensibilityGlobals) = postSolution
		SolutionGuid = {BA25BE8A-F7EF-4203-B5C2-025E2568C1B0}
	EndGlobalSection
EndGlobal
